
Microsoft Visual Studio Solution File, Format Version 12.00
# Visual Studio Version 16
VisualStudioVersion = 16.0.30804.86
MinimumVisualStudioVersion = 10.0.40219.1
Project("{FAE04EC0-301F-11D3-BF4B-00C04F79EFBC}") = "ConverterPDF3", "ConverterPDF3.csproj", "{89C1CF71-5705-4424-849B-6BF6CC155F52}"
EndProject
Global
	GlobalSection(SolutionConfigurationPlatforms) = preSolution
		Debug|Any CPU = Debug|Any CPU
		Release|Any CPU = Release|Any CPU
	EndGlobalSection
	GlobalSection(ProjectConfigurationPlatforms) = postSolution
		{89C1CF71-5705-4424-849B-6BF6CC155F52}.Debug|Any CPU.ActiveCfg = Debug|Any CPU
		{89C1CF71-5705-4424-849B-6BF6CC155F52}.Debug|Any CPU.Build.0 = Debug|Any CPU
		{89C1CF71-5705-4424-849B-6BF6CC155F52}.Release|Any CPU.ActiveCfg = Release|Any CPU
		{89C1CF71-5705-4424-849B-6BF6CC155F52}.Release|Any CPU.Build.0 = Release|Any CPU
	EndGlobalSection
	GlobalSection(SolutionProperties) = preSolution
		HideSolutionNode = FALSE
	EndGlobalSection
	GlobalSection(ExtensibilityGlobals) = postSolution
		SolutionGuid = {8DFC0637-2245-49DC-AF55-A931C59BB1C9}
	EndGlobalSection
EndGlobal
